
Microsoft Visual Studio Solution File, Format Version 12.00
# Visual Studio Version 16
VisualStudioVersion = 16.0.30907.101
MinimumVisualStudioVersion = 10.0.40219.1
Project("{2150E333-8FDC-42A3-9474-1A3956D46DE8}") = "src", "src", "{36718AA4-3967-41C0-92C4-66E2A674F13A}"
EndProject
Project("{2150E333-8FDC-42A3-9474-1A3956D46DE8}") = "Services", "Services", "{8605A922-842F-4334-861A-0CFF50AAC2DC}"
EndProject
Project("{2150E333-8FDC-42A3-9474-1A3956D46DE8}") = "Catalog", "Catalog", "{B5BD82F8-ED6A-4A4B-8809-B3C00ACCD24B}"
EndProject
Project("{9A19103F-16F7-4668-BE54-9A1E7A4F7556}") = "Catalog.API", "Services\Catalog\Catalog.API\Catalog.API.csproj", "{5462D8B1-1C97-4948-8E94-974BEF5978ED}"
EndProject
Project("{2150E333-8FDC-42A3-9474-1A3956D46DE8}") = "Basket", "Basket", "{A8E4D51D-058F-4941-A1BA-CE9B228C65C5}"
EndProject
Project("{2150E333-8FDC-42A3-9474-1A3956D46DE8}") = "Identity", "Identity", "{9B84F1E0-6038-4F88-BB9D-BA28027FD7D9}"
EndProject
Project("{2150E333-8FDC-42A3-9474-1A3956D46DE8}") = "Ordering", "Ordering", "{3ECE478D-18D2-40E4-B756-50EB58C44BD5}"
EndProject
Project("{2150E333-8FDC-42A3-9474-1A3956D46DE8}") = "ApiGateways", "ApiGateways", "{9021FCAC-565D-4C0B-B4B1-DEF21E394DD1}"
EndProject
Project("{2150E333-8FDC-42A3-9474-1A3956D46DE8}") = "WebApps", "WebApps", "{DFADF6DE-37E7-48BF-A504-B91E58E12929}"
EndProject
Project("{9A19103F-16F7-4668-BE54-9A1E7A4F7556}") = "Basket.API", "Services\Basket\Basket.API\Basket.API.csproj", "{CB88D4AB-D50E-4A85-BD0E-752DDD47CE07}"
EndProject
Project("{2150E333-8FDC-42A3-9474-1A3956D46DE8}") = "Test", "Test", "{243FF797-0C62-45BE-8B0B-231AC37CEA9D}"
EndProject
Project("{9A19103F-16F7-4668-BE54-9A1E7A4F7556}") = "Catalog.UnitTests", "Services\Catalog\Catalog.UnitTests\Catalog.UnitTests.csproj", "{AE8989AD-AA3F-4D1E-90FA-BC76F10269EA}"
EndProject
Project("{9A19103F-16F7-4668-BE54-9A1E7A4F7556}") = "Catalog.FunctionalTests", "Services\Catalog\Catalog.FunctionalTests\Catalog.FunctionalTests.csproj", "{56E15DEA-8BB2-4D09-9AED-5C802BFFA94D}"
EndProject
Project("{2150E333-8FDC-42A3-9474-1A3956D46DE8}") = "Test", "Test", "{035818BC-F584-4B29-AEF6-DE6FAE605E29}"
EndProject
Project("{9A19103F-16F7-4668-BE54-9A1E7A4F7556}") = "Ordering.API", "Services\Ordering\Ordering.API\Ordering.API.csproj", "{C38F8072-374D-4052-B75E-0FF4F55ABC79}"
EndProject
Project("{2150E333-8FDC-42A3-9474-1A3956D46DE8}") = "Test", "Test", "{1B26E1BF-635A-4D1D-8F84-77F5CE9C8366}"
EndProject
Project("{9A19103F-16F7-4668-BE54-9A1E7A4F7556}") = "Basket.UnitTests", "Services\Basket\Basket.UnitTests\Basket.UnitTests.csproj", "{3C72AD7D-6D5C-4E97-A519-2881CD472C3D}"
EndProject
Project("{9A19103F-16F7-4668-BE54-9A1E7A4F7556}") = "Basket.FunctionalTests", "Services\Basket\Basket.FunctionalTests\Basket.FunctionalTests.csproj", "{B7EE22F3-C08B-48DF-846C-0C5DF2FD4A5D}"
EndProject
Project("{9A19103F-16F7-4668-BE54-9A1E7A4F7556}") = "Ordering.UnitTests", "Services\Ordering\Ordering.UnitTests\Ordering.UnitTests.csproj", "{FEA6BF07-9AEB-4D0D-BD7E-64CB9A0E0F62}"
EndProject
Project("{9A19103F-16F7-4668-BE54-9A1E7A4F7556}") = "Ordering.FunctionalTests", "Services\Ordering\Ordering.FunctionalTests\Ordering.FunctionalTests.csproj", "{24DE315E-69D8-4A12-8FB4-621CCE83C126}"
EndProject
Project("{FAE04EC0-301F-11D3-BF4B-00C04F79EFBC}") = "Identity.API", "Services\Identity\Identity.API\Identity.API.csproj", "{E37AA955-C571-4A2C-A308-0680862662D2}"
EndProject
Project("{FAE04EC0-301F-11D3-BF4B-00C04F79EFBC}") = "WebSPAAngular", "Web\WebSPAAngular\WebSPAAngular.csproj", "{307104B6-E1EB-4133-92BA-C456774F320E}"
EndProject
Project("{FAE04EC0-301F-11D3-BF4B-00C04F79EFBC}") = "WebMVC", "Web\WebMVC\WebMVC.csproj", "{4A48A4BE-5991-4D81-8464-8CDA7EB16A46}"
EndProject
Project("{FAE04EC0-301F-11D3-BF4B-00C04F79EFBC}") = "WebSPAReact", "Web\WebSPAReact\WebSPAReact.csproj", "{34721B0C-9DB0-422D-B74C-EBF924DA5207}"
EndProject
Global
	GlobalSection(SolutionConfigurationPlatforms) = preSolution
		Debug|Any CPU = Debug|Any CPU
		Release|Any CPU = Release|Any CPU
	EndGlobalSection
	GlobalSection(ProjectConfigurationPlatforms) = postSolution
		{5462D8B1-1C97-4948-8E94-974BEF5978ED}.Debug|Any CPU.ActiveCfg = Debug|Any CPU
		{5462D8B1-1C97-4948-8E94-974BEF5978ED}.Debug|Any CPU.Build.0 = Debug|Any CPU
		{5462D8B1-1C97-4948-8E94-974BEF5978ED}.Release|Any CPU.ActiveCfg = Release|Any CPU
		{5462D8B1-1C97-4948-8E94-974BEF5978ED}.Release|Any CPU.Build.0 = Release|Any CPU
		{CB88D4AB-D50E-4A85-BD0E-752DDD47CE07}.Debug|Any CPU.ActiveCfg = Debug|Any CPU
		{CB88D4AB-D50E-4A85-BD0E-752DDD47CE07}.Debug|Any CPU.Build.0 = Debug|Any CPU
		{CB88D4AB-D50E-4A85-BD0E-752DDD47CE07}.Release|Any CPU.ActiveCfg = Release|Any CPU
		{CB88D4AB-D50E-4A85-BD0E-752DDD47CE07}.Release|Any CPU.Build.0 = Release|Any CPU
		{AE8989AD-AA3F-4D1E-90FA-BC76F10269EA}.Debug|Any CPU.ActiveCfg = Debug|Any CPU
		{AE8989AD-AA3F-4D1E-90FA-BC76F10269EA}.Debug|Any CPU.Build.0 = Debug|Any CPU
		{AE8989AD-AA3F-4D1E-90FA-BC76F10269EA}.Release|Any CPU.ActiveCfg = Release|Any CPU
		{AE8989AD-AA3F-4D1E-90FA-BC76F10269EA}.Release|Any CPU.Build.0 = Release|Any CPU
		{56E15DEA-8BB2-4D09-9AED-5C802BFFA94D}.Debug|Any CPU.ActiveCfg = Debug|Any CPU
		{56E15DEA-8BB2-4D09-9AED-5C802BFFA94D}.Debug|Any CPU.Build.0 = Debug|Any CPU
		{56E15DEA-8BB2-4D09-9AED-5C802BFFA94D}.Release|Any CPU.ActiveCfg = Release|Any CPU
		{56E15DEA-8BB2-4D09-9AED-5C802BFFA94D}.Release|Any CPU.Build.0 = Release|Any CPU
		{C38F8072-374D-4052-B75E-0FF4F55ABC79}.Debug|Any CPU.ActiveCfg = Debug|Any CPU
		{C38F8072-374D-4052-B75E-0FF4F55ABC79}.Debug|Any CPU.Build.0 = Debug|Any CPU
		{C38F8072-374D-4052-B75E-0FF4F55ABC79}.Release|Any CPU.ActiveCfg = Release|Any CPU
		{C38F8072-374D-4052-B75E-0FF4F55ABC79}.Release|Any CPU.Build.0 = Release|Any CPU
		{3C72AD7D-6D5C-4E97-A519-2881CD472C3D}.Debug|Any CPU.ActiveCfg = Debug|Any CPU
		{3C72AD7D-6D5C-4E97-A519-2881CD472C3D}.Debug|Any CPU.Build.0 = Debug|Any CPU
		{3C72AD7D-6D5C-4E97-A519-2881CD472C3D}.Release|Any CPU.ActiveCfg = Release|Any CPU
		{3C72AD7D-6D5C-4E97-A519-2881CD472C3D}.Release|Any CPU.Build.0 = Release|Any CPU
		{B7EE22F3-C08B-48DF-846C-0C5DF2FD4A5D}.Debug|Any CPU.ActiveCfg = Debug|Any CPU
		{B7EE22F3-C08B-48DF-846C-0C5DF2FD4A5D}.Debug|Any CPU.Build.0 = Debug|Any CPU
		{B7EE22F3-C08B-48DF-846C-0C5DF2FD4A5D}.Release|Any CPU.ActiveCfg = Release|Any CPU
		{B7EE22F3-C08B-48DF-846C-0C5DF2FD4A5D}.Release|Any CPU.Build.0 = Release|Any CPU
		{FEA6BF07-9AEB-4D0D-BD7E-64CB9A0E0F62}.Debug|Any CPU.ActiveCfg = Debug|Any CPU
		{FEA6BF07-9AEB-4D0D-BD7E-64CB9A0E0F62}.Debug|Any CPU.Build.0 = Debug|Any CPU
		{FEA6BF07-9AEB-4D0D-BD7E-64CB9A0E0F62}.Release|Any CPU.ActiveCfg = Release|Any CPU
		{FEA6BF07-9AEB-4D0D-BD7E-64CB9A0E0F62}.Release|Any CPU.Build.0 = Release|Any CPU
		{24DE315E-69D8-4A12-8FB4-621CCE83C126}.Debug|Any CPU.ActiveCfg = Debug|Any CPU
		{24DE315E-69D8-4A12-8FB4-621CCE83C126}.Debug|Any CPU.Build.0 = Debug|Any CPU
		{24DE315E-69D8-4A12-8FB4-621CCE83C126}.Release|Any CPU.ActiveCfg = Release|Any CPU
		{24DE315E-69D8-4A12-8FB4-621CCE83C126}.Release|Any CPU.Build.0 = Release|Any CPU
		{E37AA955-C571-4A2C-A308-0680862662D2}.Debug|Any CPU.ActiveCfg = Debug|Any CPU
		{E37AA955-C571-4A2C-A308-0680862662D2}.Debug|Any CPU.Build.0 = Debug|Any CPU
		{E37AA955-C571-4A2C-A308-0680862662D2}.Release|Any CPU.ActiveCfg = Release|Any CPU
		{E37AA955-C571-4A2C-A308-0680862662D2}.Release|Any CPU.Build.0 = Release|Any CPU
		{307104B6-E1EB-4133-92BA-C456774F320E}.Debug|Any CPU.ActiveCfg = Debug|Any CPU
		{307104B6-E1EB-4133-92BA-C456774F320E}.Debug|Any CPU.Build.0 = Debug|Any CPU
		{307104B6-E1EB-4133-92BA-C456774F320E}.Release|Any CPU.ActiveCfg = Release|Any CPU
		{307104B6-E1EB-4133-92BA-C456774F320E}.Release|Any CPU.Build.0 = Release|Any CPU
		{4A48A4BE-5991-4D81-8464-8CDA7EB16A46}.Debug|Any CPU.ActiveCfg = Debug|Any CPU
		{4A48A4BE-5991-4D81-8464-8CDA7EB16A46}.Debug|Any CPU.Build.0 = Debug|Any CPU
		{4A48A4BE-5991-4D81-8464-8CDA7EB16A46}.Release|Any CPU.ActiveCfg = Release|Any CPU
		{4A48A4BE-5991-4D81-8464-8CDA7EB16A46}.Release|Any CPU.Build.0 = Release|Any CPU
		{34721B0C-9DB0-422D-B74C-EBF924DA5207}.Debug|Any CPU.ActiveCfg = Debug|Any CPU
		{34721B0C-9DB0-422D-B74C-EBF924DA5207}.Debug|Any CPU.Build.0 = Debug|Any CPU
		{34721B0C-9DB0-422D-B74C-EBF924DA5207}.Release|Any CPU.ActiveCfg = Release|Any CPU
		{34721B0C-9DB0-422D-B74C-EBF924DA5207}.Release|Any CPU.Build.0 = Release|Any CPU
	EndGlobalSection
	GlobalSection(SolutionProperties) = preSolution
		HideSolutionNode = FALSE
	EndGlobalSection
	GlobalSection(NestedProjects) = preSolution
		{8605A922-842F-4334-861A-0CFF50AAC2DC} = {36718AA4-3967-41C0-92C4-66E2A674F13A}
		{B5BD82F8-ED6A-4A4B-8809-B3C00ACCD24B} = {8605A922-842F-4334-861A-0CFF50AAC2DC}
		{5462D8B1-1C97-4948-8E94-974BEF5978ED} = {B5BD82F8-ED6A-4A4B-8809-B3C00ACCD24B}
		{A8E4D51D-058F-4941-A1BA-CE9B228C65C5} = {8605A922-842F-4334-861A-0CFF50AAC2DC}
		{9B84F1E0-6038-4F88-BB9D-BA28027FD7D9} = {8605A922-842F-4334-861A-0CFF50AAC2DC}
		{3ECE478D-18D2-40E4-B756-50EB58C44BD5} = {8605A922-842F-4334-861A-0CFF50AAC2DC}
		{9021FCAC-565D-4C0B-B4B1-DEF21E394DD1} = {36718AA4-3967-41C0-92C4-66E2A674F13A}
		{DFADF6DE-37E7-48BF-A504-B91E58E12929} = {36718AA4-3967-41C0-92C4-66E2A674F13A}
		{CB88D4AB-D50E-4A85-BD0E-752DDD47CE07} = {A8E4D51D-058F-4941-A1BA-CE9B228C65C5}
		{243FF797-0C62-45BE-8B0B-231AC37CEA9D} = {B5BD82F8-ED6A-4A4B-8809-B3C00ACCD24B}
		{AE8989AD-AA3F-4D1E-90FA-BC76F10269EA} = {243FF797-0C62-45BE-8B0B-231AC37CEA9D}
		{56E15DEA-8BB2-4D09-9AED-5C802BFFA94D} = {243FF797-0C62-45BE-8B0B-231AC37CEA9D}
		{035818BC-F584-4B29-AEF6-DE6FAE605E29} = {A8E4D51D-058F-4941-A1BA-CE9B228C65C5}
		{C38F8072-374D-4052-B75E-0FF4F55ABC79} = {3ECE478D-18D2-40E4-B756-50EB58C44BD5}
		{1B26E1BF-635A-4D1D-8F84-77F5CE9C8366} = {3ECE478D-18D2-40E4-B756-50EB58C44BD5}
		{3C72AD7D-6D5C-4E97-A519-2881CD472C3D} = {035818BC-F584-4B29-AEF6-DE6FAE605E29}
		{B7EE22F3-C08B-48DF-846C-0C5DF2FD4A5D} = {035818BC-F584-4B29-AEF6-DE6FAE605E29}
		{FEA6BF07-9AEB-4D0D-BD7E-64CB9A0E0F62} = {1B26E1BF-635A-4D1D-8F84-77F5CE9C8366}
		{24DE315E-69D8-4A12-8FB4-621CCE83C126} = {1B26E1BF-635A-4D1D-8F84-77F5CE9C8366}
		{E37AA955-C571-4A2C-A308-0680862662D2} = {9B84F1E0-6038-4F88-BB9D-BA28027FD7D9}
		{307104B6-E1EB-4133-92BA-C456774F320E} = {DFADF6DE-37E7-48BF-A504-B91E58E12929}
		{4A48A4BE-5991-4D81-8464-8CDA7EB16A46} = {DFADF6DE-37E7-48BF-A504-B91E58E12929}
		{34721B0C-9DB0-422D-B74C-EBF924DA5207} = {DFADF6DE-37E7-48BF-A504-B91E58E12929}
	EndGlobalSection
	GlobalSection(ExtensibilityGlobals) = postSolution
		SolutionGuid = {4EAE28A2-459A-4E74-9F5E-AE7DB28FA2B3}
	EndGlobalSection
EndGlobal
